
Microsoft Visual Studio Solution File, Format Version 12.00
# Visual Studio 2013
VisualStudioVersion = 12.0.21005.1
MinimumVisualStudioVersion = 10.0.40219.1
Project("{FAE04EC0-301F-11D3-BF4B-00C04F79EFBC}") = "TabloTIS-minsk", "CANvscom\TabloTIS-minsk.csproj", "{B50D13DE-7688-4C53-8246-338AC69A95ED}"
EndProject
Global
	GlobalSection(SolutionConfigurationPlatforms) = preSolution
		Debug|Any CPU = Debug|Any CPU
		Release|Any CPU = Release|Any CPU
	EndGlobalSection
	GlobalSection(ProjectConfigurationPlatforms) = postSolution
		{B50D13DE-7688-4C53-8246-338AC69A95ED}.Debug|Any CPU.ActiveCfg = Debug|Any CPU
		{B50D13DE-7688-4C53-8246-338AC69A95ED}.Debug|Any CPU.Build.0 = Debug|Any CPU
		{B50D13DE-7688-4C53-8246-338AC69A95ED}.Release|Any CPU.ActiveCfg = Release|Any CPU
		{B50D13DE-7688-4C53-8246-338AC69A95ED}.Release|Any CPU.Build.0 = Release|Any CPU
	EndGlobalSection
	GlobalSection(SolutionProperties) = preSolution
		HideSolutionNode = FALSE
	EndGlobalSection
EndGlobal
